
Microsoft Visual Studio Solution File, Format Version 12.00
# Visual Studio Version 16
VisualStudioVersion = 16.0.31112.23
MinimumVisualStudioVersion = 10.0.40219.1
Project("{F184B08F-C81C-45F6-A57F-5ABD9991F28F}") = "MoneyManagerPt1", "MoneyManagerPt1\MoneyManagerPt1.vbproj", "{E8BF7C63-C2B7-4879-A21C-33C6220DBF49}"
EndProject
Project("{F184B08F-C81C-45F6-A57F-5ABD9991F28F}") = "SWDAL", "SWDAL\SWDAL.vbproj", "{A0FCA5DC-7988-43B2-AA36-30221D9EEAF7}"
EndProject
Project("{F184B08F-C81C-45F6-A57F-5ABD9991F28F}") = "SWBLL", "SWBLL\SWBLL.vbproj", "{1451B2A5-6F51-4249-B042-49DC8BC8D7D2}"
EndProject
Project("{F184B08F-C81C-45F6-A57F-5ABD9991F28F}") = "SWCEL", "SWCEL\SWCEL.vbproj", "{CE1D41CF-DC7E-4314-BF17-CBD94F609A21}"
EndProject
Global
	GlobalSection(SolutionConfigurationPlatforms) = preSolution
		Debug|Any CPU = Debug|Any CPU
		Release|Any CPU = Release|Any CPU
	EndGlobalSection
	GlobalSection(ProjectConfigurationPlatforms) = postSolution
		{E8BF7C63-C2B7-4879-A21C-33C6220DBF49}.Debug|Any CPU.ActiveCfg = Debug|Any CPU
		{E8BF7C63-C2B7-4879-A21C-33C6220DBF49}.Debug|Any CPU.Build.0 = Debug|Any CPU
		{E8BF7C63-C2B7-4879-A21C-33C6220DBF49}.Release|Any CPU.ActiveCfg = Release|Any CPU
		{E8BF7C63-C2B7-4879-A21C-33C6220DBF49}.Release|Any CPU.Build.0 = Release|Any CPU
		{A0FCA5DC-7988-43B2-AA36-30221D9EEAF7}.Debug|Any CPU.ActiveCfg = Debug|Any CPU
		{A0FCA5DC-7988-43B2-AA36-30221D9EEAF7}.Debug|Any CPU.Build.0 = Debug|Any CPU
		{A0FCA5DC-7988-43B2-AA36-30221D9EEAF7}.Release|Any CPU.ActiveCfg = Release|Any CPU
		{A0FCA5DC-7988-43B2-AA36-30221D9EEAF7}.Release|Any CPU.Build.0 = Release|Any CPU
		{1451B2A5-6F51-4249-B042-49DC8BC8D7D2}.Debug|Any CPU.ActiveCfg = Debug|Any CPU
		{1451B2A5-6F51-4249-B042-49DC8BC8D7D2}.Debug|Any CPU.Build.0 = Debug|Any CPU
		{1451B2A5-6F51-4249-B042-49DC8BC8D7D2}.Release|Any CPU.ActiveCfg = Release|Any CPU
		{1451B2A5-6F51-4249-B042-49DC8BC8D7D2}.Release|Any CPU.Build.0 = Release|Any CPU
		{CE1D41CF-DC7E-4314-BF17-CBD94F609A21}.Debug|Any CPU.ActiveCfg = Debug|Any CPU
		{CE1D41CF-DC7E-4314-BF17-CBD94F609A21}.Debug|Any CPU.Build.0 = Debug|Any CPU
		{CE1D41CF-DC7E-4314-BF17-CBD94F609A21}.Release|Any CPU.ActiveCfg = Release|Any CPU
		{CE1D41CF-DC7E-4314-BF17-CBD94F609A21}.Release|Any CPU.Build.0 = Release|Any CPU
	EndGlobalSection
	GlobalSection(SolutionProperties) = preSolution
		HideSolutionNode = FALSE
	EndGlobalSection
	GlobalSection(ExtensibilityGlobals) = postSolution
		SolutionGuid = {C9DE678C-6D3E-435B-9455-0473FB176519}
	EndGlobalSection
EndGlobal
